
Microsoft Visual Studio Solution File, Format Version 12.00
# Visual Studio 15
VisualStudioVersion = 15.0.27703.2026
MinimumVisualStudioVersion = 10.0.40219.1
Project("{FAE04EC0-301F-11D3-BF4B-00C04F79EFBC}") = "Web", "Web\Web.csproj", "{FCA72C46-D7B1-4019-80CD-406AA9802577}"
EndProject
Project("{FAE04EC0-301F-11D3-BF4B-00C04F79EFBC}") = "Utils", "Utils\Utils.csproj", "{AA565579-97F2-4F38-B02F-B3966E3C97C0}"
EndProject
Project("{FAE04EC0-301F-11D3-BF4B-00C04F79EFBC}") = "Code", "Code\Code.csproj", "{8DEFA78A-15A2-4EA4-A740-AB0876AE1C8E}"
EndProject
Project("{FAE04EC0-301F-11D3-BF4B-00C04F79EFBC}") = "Service", "Service\Service.csproj", "{7171E6CD-5370-4D8D-946D-7902EB0250DA}"
EndProject
Project("{FAE04EC0-301F-11D3-BF4B-00C04F79EFBC}") = "IService", "IService\IService.csproj", "{1FF94757-FF57-4FD1-86FA-27CD8A9C5CA1}"
EndProject
Global
	GlobalSection(SolutionConfigurationPlatforms) = preSolution
		Debug|Any CPU = Debug|Any CPU
		Release|Any CPU = Release|Any CPU
	EndGlobalSection
	GlobalSection(ProjectConfigurationPlatforms) = postSolution
		{FCA72C46-D7B1-4019-80CD-406AA9802577}.Debug|Any CPU.ActiveCfg = Debug|Any CPU
		{FCA72C46-D7B1-4019-80CD-406AA9802577}.Debug|Any CPU.Build.0 = Debug|Any CPU
		{FCA72C46-D7B1-4019-80CD-406AA9802577}.Release|Any CPU.ActiveCfg = Release|Any CPU
		{FCA72C46-D7B1-4019-80CD-406AA9802577}.Release|Any CPU.Build.0 = Release|Any CPU
		{AA565579-97F2-4F38-B02F-B3966E3C97C0}.Debug|Any CPU.ActiveCfg = Debug|Any CPU
		{AA565579-97F2-4F38-B02F-B3966E3C97C0}.Debug|Any CPU.Build.0 = Debug|Any CPU
		{AA565579-97F2-4F38-B02F-B3966E3C97C0}.Release|Any CPU.ActiveCfg = Release|Any CPU
		{AA565579-97F2-4F38-B02F-B3966E3C97C0}.Release|Any CPU.Build.0 = Release|Any CPU
		{8DEFA78A-15A2-4EA4-A740-AB0876AE1C8E}.Debug|Any CPU.ActiveCfg = Debug|Any CPU
		{8DEFA78A-15A2-4EA4-A740-AB0876AE1C8E}.Debug|Any CPU.Build.0 = Debug|Any CPU
		{8DEFA78A-15A2-4EA4-A740-AB0876AE1C8E}.Release|Any CPU.ActiveCfg = Release|Any CPU
		{8DEFA78A-15A2-4EA4-A740-AB0876AE1C8E}.Release|Any CPU.Build.0 = Release|Any CPU
		{7171E6CD-5370-4D8D-946D-7902EB0250DA}.Debug|Any CPU.ActiveCfg = Debug|Any CPU
		{7171E6CD-5370-4D8D-946D-7902EB0250DA}.Debug|Any CPU.Build.0 = Debug|Any CPU
		{7171E6CD-5370-4D8D-946D-7902EB0250DA}.Release|Any CPU.ActiveCfg = Release|Any CPU
		{7171E6CD-5370-4D8D-946D-7902EB0250DA}.Release|Any CPU.Build.0 = Release|Any CPU
		{1FF94757-FF57-4FD1-86FA-27CD8A9C5CA1}.Debug|Any CPU.ActiveCfg = Debug|Any CPU
		{1FF94757-FF57-4FD1-86FA-27CD8A9C5CA1}.Debug|Any CPU.Build.0 = Debug|Any CPU
		{1FF94757-FF57-4FD1-86FA-27CD8A9C5CA1}.Release|Any CPU.ActiveCfg = Release|Any CPU
		{1FF94757-FF57-4FD1-86FA-27CD8A9C5CA1}.Release|Any CPU.Build.0 = Release|Any CPU
	EndGlobalSection
	GlobalSection(SolutionProperties) = preSolution
		HideSolutionNode = FALSE
	EndGlobalSection
	GlobalSection(ExtensibilityGlobals) = postSolution
		SolutionGuid = {77B5B8AE-8D76-4F18-9B4D-C45B2BD5DFE7}
	EndGlobalSection
EndGlobal
